
Microsoft Visual Studio Solution File, Format Version 12.00
# Visual Studio Version 17
VisualStudioVersion = 17.5.33530.505
MinimumVisualStudioVersion = 10.0.40219.1
Project("{2150E333-8FDC-42A3-9474-1A3956D46DE8}") = "src", "src", "{8ECC2664-1E3A-4AF5-8477-16853808BF02}"
EndProject
Project("{2150E333-8FDC-42A3-9474-1A3956D46DE8}") = "1 - Presentation", "1 - Presentation", "{F1B87EC0-D9B5-4FF5-98A7-FB7E89B06BD9}"
	ProjectSection(SolutionItems) = preProject
		Desafio.TecnicoLLip.Presentation\.env = Desafio.TecnicoLLip.Presentation\.env
		Desafio.TecnicoLLip.Presentation\.gitignore = Desafio.TecnicoLLip.Presentation\.gitignore
		Desafio.TecnicoLLip.Presentation\package.json = Desafio.TecnicoLLip.Presentation\package.json
		Desafio.TecnicoLLip.Presentation\react-typescript-login-example-form-validation.png = Desafio.TecnicoLLip.Presentation\react-typescript-login-example-form-validation.png
		Desafio.TecnicoLLip.Presentation\react-typescript-login-example-login.png = Desafio.TecnicoLLip.Presentation\react-typescript-login-example-login.png
		Desafio.TecnicoLLip.Presentation\react-typescript-login-example-profile-page.png = Desafio.TecnicoLLip.Presentation\react-typescript-login-example-profile-page.png
		Desafio.TecnicoLLip.Presentation\react-typescript-login-example-signup.png = Desafio.TecnicoLLip.Presentation\react-typescript-login-example-signup.png
		Desafio.TecnicoLLip.Presentation\README.md = Desafio.TecnicoLLip.Presentation\README.md
		Desafio.TecnicoLLip.Presentation\tsconfig.json = Desafio.TecnicoLLip.Presentation\tsconfig.json
		Desafio.TecnicoLLip.Presentation\yarn.lock = Desafio.TecnicoLLip.Presentation\yarn.lock
	EndProjectSection
EndProject
Project("{2150E333-8FDC-42A3-9474-1A3956D46DE8}") = "2 - Services", "2 - Services", "{57F5B698-1520-4ADE-84F1-5335F9B498AE}"
EndProject
Project("{2150E333-8FDC-42A3-9474-1A3956D46DE8}") = "3 - Application", "3 - Application", "{17A9494B-69D2-470A-9920-80D4E29793E9}"
EndProject
Project("{2150E333-8FDC-42A3-9474-1A3956D46DE8}") = "4 - Domain", "4 - Domain", "{EA10D257-0B69-4A5C-8719-AB682C37DDA2}"
EndProject
Project("{2150E333-8FDC-42A3-9474-1A3956D46DE8}") = "5 - Infrastructure", "5 - Infrastructure", "{25C9662D-A764-426B-8BBB-67ACB217F5CF}"
EndProject
Project("{2150E333-8FDC-42A3-9474-1A3956D46DE8}") = "6 - Tests", "6 - Tests", "{FF8C493C-2EFE-42E4-ABEA-622E2AB79E28}"
EndProject
Project("{9A19103F-16F7-4668-BE54-9A1E7A4F7556}") = "Desafio.TecnicoLLip.Infrastructure.CrossCutting", "Desafio.TecnicoLLip.Infrastructure.CrossCutting\Desafio.TecnicoLLip.Infrastructure.CrossCutting.csproj", "{3C08A1A1-3AE1-4CBF-A378-DBF15B32A554}"
EndProject
Project("{9A19103F-16F7-4668-BE54-9A1E7A4F7556}") = "Desafio.TecnicoLLip.Infrastructure.Data", "Desafio.TecnicoLLip.Infrastructure.Repositorio\Desafio.TecnicoLLip.Infrastructure.Data.csproj", "{733307CD-9247-4822-BE0A-C45E24DC9474}"
EndProject
Project("{9A19103F-16F7-4668-BE54-9A1E7A4F7556}") = "Desafio.TecnicoLLip.Application", "Desafio.TecnicoLLip.Application\Desafio.TecnicoLLip.Application.csproj", "{9586B80F-FFEF-47DA-BCB4-4E061B34737F}"
EndProject
Project("{9A19103F-16F7-4668-BE54-9A1E7A4F7556}") = "Desafio.TecnicoLLip.API", "Desafio.TecnicoLLip.API\Desafio.TecnicoLLip.API.csproj", "{A30D7EE0-82F8-4A10-B76D-2EC75DCD7C93}"
EndProject
Project("{9A19103F-16F7-4668-BE54-9A1E7A4F7556}") = "Desafio.TecnicoLLip.Tests", "Desafio.TecnicoLLip.Tests\Desafio.TecnicoLLip.Tests.csproj", "{48CA0FF2-AD40-4D06-956C-27C4F10921CD}"
EndProject
Project("{9A19103F-16F7-4668-BE54-9A1E7A4F7556}") = "Desafio.TecnicoLLip.Domain", "Desafio.TecnicoLLip.Domain\Domain\Desafio.TecnicoLLip.Domain.csproj", "{F3AC68E4-0B29-4018-B428-B4A507FD0750}"
EndProject
Project("{9A19103F-16F7-4668-BE54-9A1E7A4F7556}") = "Desafio.TecnicoLLip.Domain.Core", "Desafio.TecnicoLLip.Domain\Domain.Core\Desafio.TecnicoLLip.Domain.Core.csproj", "{2F8EFCA9-2878-4474-B2D7-22B8E2F7AE8C}"
EndProject
Project("{9A19103F-16F7-4668-BE54-9A1E7A4F7556}") = "Desafio.TecnicoLLip.Domain.Services", "Desafio.TecnicoLLip.Domain\Domain.Services\Desafio.TecnicoLLip.Domain.Services.csproj", "{FFD5815E-FE23-4716-AF7A-97F8FC9E2BBF}"
EndProject
Project("{2150E333-8FDC-42A3-9474-1A3956D46DE8}") = "7 - Database", "7 - Database", "{3CC742B3-195C-4AF5-B666-D25DF953EF1B}"
EndProject
Project("{2150E333-8FDC-42A3-9474-1A3956D46DE8}") = "public", "public", "{BB1F303F-226E-48EB-9563-FBFF05BFD7D0}"
	ProjectSection(SolutionItems) = preProject
		Desafio.TecnicoLLip.Presentation\public\favicon.ico = Desafio.TecnicoLLip.Presentation\public\favicon.ico
		Desafio.TecnicoLLip.Presentation\public\index.html = Desafio.TecnicoLLip.Presentation\public\index.html
		Desafio.TecnicoLLip.Presentation\public\logo192.png = Desafio.TecnicoLLip.Presentation\public\logo192.png
		Desafio.TecnicoLLip.Presentation\public\logo512.png = Desafio.TecnicoLLip.Presentation\public\logo512.png
		Desafio.TecnicoLLip.Presentation\public\manifest.json = Desafio.TecnicoLLip.Presentation\public\manifest.json
		Desafio.TecnicoLLip.Presentation\public\robots.txt = Desafio.TecnicoLLip.Presentation\public\robots.txt
	EndProjectSection
EndProject
Project("{2150E333-8FDC-42A3-9474-1A3956D46DE8}") = "src", "src", "{ACA7A41D-3E1B-43D6-B652-434825605CAC}"
	ProjectSection(SolutionItems) = preProject
		Desafio.TecnicoLLip.Presentation\src\App.css = Desafio.TecnicoLLip.Presentation\src\App.css
		Desafio.TecnicoLLip.Presentation\src\App.tsx = Desafio.TecnicoLLip.Presentation\src\App.tsx
		Desafio.TecnicoLLip.Presentation\src\index.css = Desafio.TecnicoLLip.Presentation\src\index.css
		Desafio.TecnicoLLip.Presentation\src\index.tsx = Desafio.TecnicoLLip.Presentation\src\index.tsx
		Desafio.TecnicoLLip.Presentation\src\logo.svg = Desafio.TecnicoLLip.Presentation\src\logo.svg
		Desafio.TecnicoLLip.Presentation\src\react-app-env.d.ts = Desafio.TecnicoLLip.Presentation\src\react-app-env.d.ts
		Desafio.TecnicoLLip.Presentation\src\reportWebVitals.ts = Desafio.TecnicoLLip.Presentation\src\reportWebVitals.ts
		Desafio.TecnicoLLip.Presentation\src\setupTests.ts = Desafio.TecnicoLLip.Presentation\src\setupTests.ts
	EndProjectSection
EndProject
Project("{2150E333-8FDC-42A3-9474-1A3956D46DE8}") = "common", "common", "{7A2EE282-7B5E-4F40-A0E0-BF85906CFB13}"
	ProjectSection(SolutionItems) = preProject
		Desafio.TecnicoLLip.Presentation\src\common\EventBus.ts = Desafio.TecnicoLLip.Presentation\src\common\EventBus.ts
	EndProjectSection
EndProject
Project("{2150E333-8FDC-42A3-9474-1A3956D46DE8}") = "components", "components", "{34941AB5-8D2F-4F9E-B1B9-5FAADB269F46}"
	ProjectSection(SolutionItems) = preProject
		Desafio.TecnicoLLip.Presentation\src\components\board-admin.component.tsx = Desafio.TecnicoLLip.Presentation\src\components\board-admin.component.tsx
		Desafio.TecnicoLLip.Presentation\src\components\board-moderator.component.tsx = Desafio.TecnicoLLip.Presentation\src\components\board-moderator.component.tsx
		Desafio.TecnicoLLip.Presentation\src\components\board-user.component.tsx = Desafio.TecnicoLLip.Presentation\src\components\board-user.component.tsx
		Desafio.TecnicoLLip.Presentation\src\components\home.component.tsx = Desafio.TecnicoLLip.Presentation\src\components\home.component.tsx
		Desafio.TecnicoLLip.Presentation\src\components\login.component.tsx = Desafio.TecnicoLLip.Presentation\src\components\login.component.tsx
		Desafio.TecnicoLLip.Presentation\src\components\profile.component.tsx = Desafio.TecnicoLLip.Presentation\src\components\profile.component.tsx
		Desafio.TecnicoLLip.Presentation\src\components\project.component.tsx = Desafio.TecnicoLLip.Presentation\src\components\project.component.tsx
		Desafio.TecnicoLLip.Presentation\src\components\projectlist.component.tsx = Desafio.TecnicoLLip.Presentation\src\components\projectlist.component.tsx
		Desafio.TecnicoLLip.Presentation\src\components\register.component.tsx = Desafio.TecnicoLLip.Presentation\src\components\register.component.tsx
	EndProjectSection
EndProject
Project("{2150E333-8FDC-42A3-9474-1A3956D46DE8}") = "services", "services", "{A4BD674A-B4F4-48BA-AEB1-FC4670BF02D5}"
	ProjectSection(SolutionItems) = preProject
		Desafio.TecnicoLLip.Presentation\src\services\auth-header.ts = Desafio.TecnicoLLip.Presentation\src\services\auth-header.ts
		Desafio.TecnicoLLip.Presentation\src\services\auth.service.ts = Desafio.TecnicoLLip.Presentation\src\services\auth.service.ts
		Desafio.TecnicoLLip.Presentation\src\services\project.service.ts = Desafio.TecnicoLLip.Presentation\src\services\project.service.ts
		Desafio.TecnicoLLip.Presentation\src\services\user.service.ts = Desafio.TecnicoLLip.Presentation\src\services\user.service.ts
	EndProjectSection
EndProject
Project("{2150E333-8FDC-42A3-9474-1A3956D46DE8}") = "types", "types", "{A4639178-0354-46C8-A1E0-E93DEFC14E9C}"
	ProjectSection(SolutionItems) = preProject
		Desafio.TecnicoLLip.Presentation\src\types\user.type.ts = Desafio.TecnicoLLip.Presentation\src\types\user.type.ts
	EndProjectSection
EndProject
Project("{00D1A9C2-B5F0-4AF3-8072-F6C62B433612}") = "DesafioLlip", "Database LlIp\DesafioLlip.sqlproj", "{A7CBAF15-5185-48CF-B5BC-57550D985E67}"
EndProject
Global
	GlobalSection(SolutionConfigurationPlatforms) = preSolution
		Debug|Any CPU = Debug|Any CPU
		Release|Any CPU = Release|Any CPU
	EndGlobalSection
	GlobalSection(ProjectConfigurationPlatforms) = postSolution
		{3C08A1A1-3AE1-4CBF-A378-DBF15B32A554}.Debug|Any CPU.ActiveCfg = Debug|Any CPU
		{3C08A1A1-3AE1-4CBF-A378-DBF15B32A554}.Debug|Any CPU.Build.0 = Debug|Any CPU
		{3C08A1A1-3AE1-4CBF-A378-DBF15B32A554}.Release|Any CPU.ActiveCfg = Release|Any CPU
		{3C08A1A1-3AE1-4CBF-A378-DBF15B32A554}.Release|Any CPU.Build.0 = Release|Any CPU
		{733307CD-9247-4822-BE0A-C45E24DC9474}.Debug|Any CPU.ActiveCfg = Debug|Any CPU
		{733307CD-9247-4822-BE0A-C45E24DC9474}.Debug|Any CPU.Build.0 = Debug|Any CPU
		{733307CD-9247-4822-BE0A-C45E24DC9474}.Release|Any CPU.ActiveCfg = Release|Any CPU
		{733307CD-9247-4822-BE0A-C45E24DC9474}.Release|Any CPU.Build.0 = Release|Any CPU
		{9586B80F-FFEF-47DA-BCB4-4E061B34737F}.Debug|Any CPU.ActiveCfg = Debug|Any CPU
		{9586B80F-FFEF-47DA-BCB4-4E061B34737F}.Debug|Any CPU.Build.0 = Debug|Any CPU
		{9586B80F-FFEF-47DA-BCB4-4E061B34737F}.Release|Any CPU.ActiveCfg = Release|Any CPU
		{9586B80F-FFEF-47DA-BCB4-4E061B34737F}.Release|Any CPU.Build.0 = Release|Any CPU
		{A30D7EE0-82F8-4A10-B76D-2EC75DCD7C93}.Debug|Any CPU.ActiveCfg = Debug|Any CPU
		{A30D7EE0-82F8-4A10-B76D-2EC75DCD7C93}.Debug|Any CPU.Build.0 = Debug|Any CPU
		{A30D7EE0-82F8-4A10-B76D-2EC75DCD7C93}.Release|Any CPU.ActiveCfg = Release|Any CPU
		{A30D7EE0-82F8-4A10-B76D-2EC75DCD7C93}.Release|Any CPU.Build.0 = Release|Any CPU
		{48CA0FF2-AD40-4D06-956C-27C4F10921CD}.Debug|Any CPU.ActiveCfg = Debug|Any CPU
		{48CA0FF2-AD40-4D06-956C-27C4F10921CD}.Debug|Any CPU.Build.0 = Debug|Any CPU
		{48CA0FF2-AD40-4D06-956C-27C4F10921CD}.Release|Any CPU.ActiveCfg = Release|Any CPU
		{48CA0FF2-AD40-4D06-956C-27C4F10921CD}.Release|Any CPU.Build.0 = Release|Any CPU
		{F3AC68E4-0B29-4018-B428-B4A507FD0750}.Debug|Any CPU.ActiveCfg = Debug|Any CPU
		{F3AC68E4-0B29-4018-B428-B4A507FD0750}.Debug|Any CPU.Build.0 = Debug|Any CPU
		{F3AC68E4-0B29-4018-B428-B4A507FD0750}.Release|Any CPU.ActiveCfg = Release|Any CPU
		{F3AC68E4-0B29-4018-B428-B4A507FD0750}.Release|Any CPU.Build.0 = Release|Any CPU
		{2F8EFCA9-2878-4474-B2D7-22B8E2F7AE8C}.Debug|Any CPU.ActiveCfg = Debug|Any CPU
		{2F8EFCA9-2878-4474-B2D7-22B8E2F7AE8C}.Debug|Any CPU.Build.0 = Debug|Any CPU
		{2F8EFCA9-2878-4474-B2D7-22B8E2F7AE8C}.Release|Any CPU.ActiveCfg = Release|Any CPU
		{2F8EFCA9-2878-4474-B2D7-22B8E2F7AE8C}.Release|Any CPU.Build.0 = Release|Any CPU
		{FFD5815E-FE23-4716-AF7A-97F8FC9E2BBF}.Debug|Any CPU.ActiveCfg = Debug|Any CPU
		{FFD5815E-FE23-4716-AF7A-97F8FC9E2BBF}.Debug|Any CPU.Build.0 = Debug|Any CPU
		{FFD5815E-FE23-4716-AF7A-97F8FC9E2BBF}.Release|Any CPU.ActiveCfg = Release|Any CPU
		{FFD5815E-FE23-4716-AF7A-97F8FC9E2BBF}.Release|Any CPU.Build.0 = Release|Any CPU
		{A7CBAF15-5185-48CF-B5BC-57550D985E67}.Debug|Any CPU.ActiveCfg = Debug|Any CPU
		{A7CBAF15-5185-48CF-B5BC-57550D985E67}.Debug|Any CPU.Build.0 = Debug|Any CPU
		{A7CBAF15-5185-48CF-B5BC-57550D985E67}.Debug|Any CPU.Deploy.0 = Debug|Any CPU
		{A7CBAF15-5185-48CF-B5BC-57550D985E67}.Release|Any CPU.ActiveCfg = Release|Any CPU
		{A7CBAF15-5185-48CF-B5BC-57550D985E67}.Release|Any CPU.Build.0 = Release|Any CPU
		{A7CBAF15-5185-48CF-B5BC-57550D985E67}.Release|Any CPU.Deploy.0 = Release|Any CPU
	EndGlobalSection
	GlobalSection(SolutionProperties) = preSolution
		HideSolutionNode = FALSE
	EndGlobalSection
	GlobalSection(NestedProjects) = preSolution
		{F1B87EC0-D9B5-4FF5-98A7-FB7E89B06BD9} = {8ECC2664-1E3A-4AF5-8477-16853808BF02}
		{57F5B698-1520-4ADE-84F1-5335F9B498AE} = {8ECC2664-1E3A-4AF5-8477-16853808BF02}
		{17A9494B-69D2-470A-9920-80D4E29793E9} = {8ECC2664-1E3A-4AF5-8477-16853808BF02}
		{EA10D257-0B69-4A5C-8719-AB682C37DDA2} = {8ECC2664-1E3A-4AF5-8477-16853808BF02}
		{25C9662D-A764-426B-8BBB-67ACB217F5CF} = {8ECC2664-1E3A-4AF5-8477-16853808BF02}
		{FF8C493C-2EFE-42E4-ABEA-622E2AB79E28} = {8ECC2664-1E3A-4AF5-8477-16853808BF02}
		{3C08A1A1-3AE1-4CBF-A378-DBF15B32A554} = {25C9662D-A764-426B-8BBB-67ACB217F5CF}
		{733307CD-9247-4822-BE0A-C45E24DC9474} = {25C9662D-A764-426B-8BBB-67ACB217F5CF}
		{9586B80F-FFEF-47DA-BCB4-4E061B34737F} = {17A9494B-69D2-470A-9920-80D4E29793E9}
		{A30D7EE0-82F8-4A10-B76D-2EC75DCD7C93} = {57F5B698-1520-4ADE-84F1-5335F9B498AE}
		{48CA0FF2-AD40-4D06-956C-27C4F10921CD} = {FF8C493C-2EFE-42E4-ABEA-622E2AB79E28}
		{F3AC68E4-0B29-4018-B428-B4A507FD0750} = {EA10D257-0B69-4A5C-8719-AB682C37DDA2}
		{2F8EFCA9-2878-4474-B2D7-22B8E2F7AE8C} = {EA10D257-0B69-4A5C-8719-AB682C37DDA2}
		{FFD5815E-FE23-4716-AF7A-97F8FC9E2BBF} = {EA10D257-0B69-4A5C-8719-AB682C37DDA2}
		{3CC742B3-195C-4AF5-B666-D25DF953EF1B} = {8ECC2664-1E3A-4AF5-8477-16853808BF02}
		{BB1F303F-226E-48EB-9563-FBFF05BFD7D0} = {F1B87EC0-D9B5-4FF5-98A7-FB7E89B06BD9}
		{ACA7A41D-3E1B-43D6-B652-434825605CAC} = {F1B87EC0-D9B5-4FF5-98A7-FB7E89B06BD9}
		{7A2EE282-7B5E-4F40-A0E0-BF85906CFB13} = {ACA7A41D-3E1B-43D6-B652-434825605CAC}
		{34941AB5-8D2F-4F9E-B1B9-5FAADB269F46} = {ACA7A41D-3E1B-43D6-B652-434825605CAC}
		{A4BD674A-B4F4-48BA-AEB1-FC4670BF02D5} = {ACA7A41D-3E1B-43D6-B652-434825605CAC}
		{A4639178-0354-46C8-A1E0-E93DEFC14E9C} = {ACA7A41D-3E1B-43D6-B652-434825605CAC}
		{A7CBAF15-5185-48CF-B5BC-57550D985E67} = {3CC742B3-195C-4AF5-B666-D25DF953EF1B}
	EndGlobalSection
	GlobalSection(ExtensibilityGlobals) = postSolution
		SolutionGuid = {429830A9-6FD6-4358-9056-46BCDE6F1B7E}
	EndGlobalSection
EndGlobal
